// !$*UTF8*$!
{
	archiveVersion = 1;
	classes = {
	};
	objectVersion = 50;
	objects = {

/* Begin PBXBuildFile section */
		A721DF6424702E190004984B /* AppDelegate.swift in Sources */ = {isa = PBXBuildFile; fileRef = A721DF6324702E190004984B /* AppDelegate.swift */; };
		A721DF6624702E190004984B /* SceneDelegate.swift in Sources */ = {isa = PBXBuildFile; fileRef = A721DF6524702E190004984B /* SceneDelegate.swift */; };
		A721DF6824702E190004984B /* ContentView.swift in Sources */ = {isa = PBXBuildFile; fileRef = A721DF6724702E190004984B /* ContentView.swift */; };
		A721DF6A24702E1C0004984B /* Assets.xcassets in Resources */ = {isa = PBXBuildFile; fileRef = A721DF6924702E1C0004984B /* Assets.xcassets */; };
		A721DF6D24702E1C0004984B /* Preview Assets.xcassets in Resources */ = {isa = PBXBuildFile; fileRef = A721DF6C24702E1C0004984B /* Preview Assets.xcassets */; };
		A721DF7024702E1C0004984B /* LaunchScreen.storyboard in Resources */ = {isa = PBXBuildFile; fileRef = A721DF6E24702E1C0004984B /* LaunchScreen.storyboard */; };
		A721DF7B24702E1C0004984B /* devslopestestTests.swift in Sources */ = {isa = PBXBuildFile; fileRef = A721DF7A24702E1C0004984B /* devslopestestTests.swift */; };
		A721DF8624702E1C0004984B /* devslopestestUITests.swift in Sources */ = {isa = PBXBuildFile; fileRef = A721DF8524702E1C0004984B /* devslopestestUITests.swift */; };
/* End PBXBuildFile section */

/* Begin PBXContainerItemProxy section */
		A721DF7724702E1C0004984B /* PBXContainerItemProxy */ = {
			isa = PBXContainerItemProxy;
			containerPortal = A721DF5824702E190004984B /* Project object */;
			proxyType = 1;
			remoteGlobalIDString = A721DF5F24702E190004984B;
			remoteInfo = devslopestest;
		};
		A721DF8224702E1C0004984B /* PBXContainerItemProxy */ = {
			isa = PBXContainerItemProxy;
			containerPortal = A721DF5824702E190004984B /* Project object */;
			proxyType = 1;
			remoteGlobalIDString = A721DF5F24702E190004984B;
			remoteInfo = devslopestest;
		};
/* End PBXContainerItemProxy section */

/* Begin PBXFileReference section */
		A721DF6024702E190004984B /* devslopestest.app */ = {isa = PBXFileReference; explicitFileType = wrapper.application; includeInIndex = 0; path = devslopestest.app; sourceTree = BUILT_PRODUCTS_DIR; };
		A721DF6324702E190004984B /* AppDelegate.swift */ = {isa = PBXFileReference; lastKnownFileType = sourcecode.swift; path = AppDelegate.swift; sourceTree = "<group>"; };
		A721DF6524702E190004984B /* SceneDelegate.swift */ = {isa = PBXFileReference; lastKnownFileType = sourcecode.swift; path = SceneDelegate.swift; sourceTree = "<group>"; };
		A721DF6724702E190004984B /* ContentView.swift */ = {isa = PBXFileReference; lastKnownFileType = sourcecode.swift; path = ContentView.swift; sourceTree = "<group>"; };
		A721DF6924702E1C0004984B /* Assets.xcassets */ = {isa = PBXFileReference; lastKnownFileType = folder.assetcatalog; path = Assets.xcassets; sourceTree = "<group>"; };
		A721DF6C24702E1C0004984B /* Preview Assets.xcassets */ = {isa = PBXFileReference; lastKnownFileType = folder.assetcatalog; path = "Preview Assets.xcassets"; sourceTree = "<group>"; };
		A721DF6F24702E1C0004984B /* Base */ = {isa = PBXFileReference; lastKnownFileType = file.storyboard; name = Base; path = Base.lproj/LaunchScreen.storyboard; sourceTree = "<group>"; };
		A721DF7124702E1C0004984B /* Info.plist */ = {isa = PBXFileReference; lastKnownFileType = text.plist.xml; path = Info.plist; sourceTree = "<group>"; };
		A721DF7624702E1C0004984B /* devslopestestTests.xctest */ = {isa = PBXFileReference; explicitFileType = wrapper.cfbundle; includeInIndex = 0; path = devslopestestTests.xctest; sourceTree = BUILT_PRODUCTS_DIR; };
		A721DF7A24702E1C0004984B /* devslopestestTests.swift */ = {isa = PBXFileReference; lastKnownFileType = sourcecode.swift; path = devslopestestTests.swift; sourceTree = "<group>"; };
		A721DF7C24702E1C0004984B /* Info.plist */ = {isa = PBXFileReference; lastKnownFileType = text.plist.xml; path = Info.plist; sourceTree = "<group>"; };
		A721DF8124702E1C0004984B /* devslopestestUITests.xctest */ = {isa = PBXFileReference; explicitFileType = wrapper.cfbundle; includeInIndex = 0; path = devslopestestUITests.xctest; sourceTree = BUILT_PRODUCTS_DIR; };
		A721DF8524702E1C0004984B /* devslopestestUITests.swift */ = {isa = PBXFileReference; lastKnownFileType = sourcecode.swift; path = devslopestestUITests.swift; sourceTree = "<group>"; };
		A721DF8724702E1C0004984B /* Info.plist */ = {isa = PBXFileReference; lastKnownFileType = text.plist.xml; path = Info.plist; sourceTree = "<group>"; };
/* End PBXFileReference section */

/* Begin PBXFrameworksBuildPhase section */
		A721DF5D24702E190004984B /* Frameworks */ = {
			isa = PBXFrameworksBuildPhase;
			buildActionMask = 2147483647;
			files = (
			);
			runOnlyForDeploymentPostprocessing = 0;
		};
		A721DF7324702E1C0004984B /* Frameworks */ = {
			isa = PBXFrameworksBuildPhase;
			buildActionMask = 2147483647;
			files = (
			);
			runOnlyForDeploymentPostprocessing = 0;
		};
		A721DF7E24702E1C0004984B /* Frameworks */ = {
			isa = PBXFrameworksBuildPhase;
			buildActionMask = 2147483647;
			files = (
			);
			runOnlyForDeploymentPostprocessing = 0;
		};
/* End PBXFrameworksBuildPhase section */

/* Begin PBXGroup section */
		A721DF5724702E190004984B = {
			isa = PBXGroup;
			children = (
				A721DF6224702E190004984B /* devslopestest */,
				A721DF7924702E1C0004984B /* devslopestestTests */,
				A721DF8424702E1C0004984B /* devslopestestUITests */,
				A721DF6124702E190004984B /* Products */,
			);
			sourceTree = "<group>";
		};
		A721DF6124702E190004984B /* Products */ = {
			isa = PBXGroup;
			children = (
				A721DF6024702E190004984B /* devslopestest.app */,
				A721DF7624702E1C0004984B /* devslopestestTests.xctest */,
				A721DF8124702E1C0004984B /* devslopestestUITests.xctest */,
			);
			name = Products;
			sourceTree = "<group>";
		};
		A721DF6224702E190004984B /* devslopestest */ = {
			isa = PBXGroup;
			children = (
				A721DF6324702E190004984B /* AppDelegate.swift */,
				A721DF6524702E190004984B /* SceneDelegate.swift */,
				A721DF6724702E190004984B /* ContentView.swift */,
				A721DF6924702E1C0004984B /* Assets.xcassets */,
				A721DF6E24702E1C0004984B /* LaunchScreen.storyboard */,
				A721DF7124702E1C0004984B /* Info.plist */,
				A721DF6B24702E1C0004984B /* Preview Content */,
			);
			path = devslopestest;
			sourceTree = "<group>";
		};
		A721DF6B24702E1C0004984B /* Preview Content */ = {
			isa = PBXGroup;
			children = (
				A721DF6C24702E1C0004984B /* Preview Assets.xcassets */,
			);
			path = "Preview Content";
			sourceTree = "<group>";
		};
		A721DF7924702E1C0004984B /* devslopestestTests */ = {
			isa = PBXGroup;
			children = (
				A721DF7A24702E1C0004984B /* devslopestestTests.swift */,
				A721DF7C24702E1C0004984B /* Info.plist */,
			);
			path = devslopestestTests;
			sourceTree = "<group>";
		};
		A721DF8424702E1C0004984B /* devslopestestUITests */ = {
			isa = PBXGroup;
			children = (
				A721DF8524702E1C0004984B /* devslopestestUITests.swift */,
				A721DF8724702E1C0004984B /* Info.plist */,
			);
			path = devslopestestUITests;
			sourceTree = "<group>";
		};
/* End PBXGroup section */

/* Begin PBXNativeTarget section */
		A721DF5F24702E190004984B /* devslopestest */ = {
			isa = PBXNativeTarget;
			buildConfigurationList = A721DF8A24702E1C0004984B /* Build configuration list for PBXNativeTarget "devslopestest" */;
			buildPhases = (
				A721DF5C24702E190004984B /* Sources */,
				A721DF5D24702E190004984B /* Frameworks */,
				A721DF5E24702E190004984B /* Resources */,
			);
			buildRules = (
			);
			dependencies = (
			);
			name = devslopestest;
			productName = devslopestest;
			productReference = A721DF6024702E190004984B /* devslopestest.app */;
			productType = "com.apple.product-type.application";
		};
		A721DF7524702E1C0004984B /* devslopestestTests */ = {
			isa = PBXNativeTarget;
			buildConfigurationList = A721DF8D24702E1C0004984B /* Build configuration list for PBXNativeTarget "devslopestestTests" */;
			buildPhases = (
				A721DF7224702E1C0004984B /* Sources */,
				A721DF7324702E1C0004984B /* Frameworks */,
				A721DF7424702E1C0004984B /* Resources */,
			);
			buildRules = (
			);
			dependencies = (
				A721DF7824702E1C0004984B /* PBXTargetDependency */,
			);
			name = devslopestestTests;
			productName = devslopestestTests;
			productReference = A721DF7624702E1C0004984B /* devslopestestTests.xctest */;
			productType = "com.apple.product-type.bundle.unit-test";
		};
		A721DF8024702E1C0004984B /* devslopestestUITests */ = {
			isa = PBXNativeTarget;
			buildConfigurationList = A721DF9024702E1C0004984B /* Build configuration list for PBXNativeTarget "devslopestestUITests" */;
			buildPhases = (
				A721DF7D24702E1C0004984B /* Sources */,
				A721DF7E24702E1C0004984B /* Frameworks */,
				A721DF7F24702E1C0004984B /* Resources */,
			);
			buildRules = (
			);
			dependencies = (
				A721DF8324702E1C0004984B /* PBXTargetDependency */,
			);
			name = devslopestestUITests;
			productName = devslopestestUITests;
			productReference = A721DF8124702E1C0004984B /* devslopestestUITests.xctest */;
			productType = "com.apple.product-type.bundle.ui-testing";
		};
/* End PBXNativeTarget section */

/* Begin PBXProject section */
		A721DF5824702E190004984B /* Project object */ = {
			isa = PBXProject;
			attributes = {
				LastSwiftUpdateCheck = 1140;
				LastUpgradeCheck = 1140;
				ORGANIZATIONNAME = "Ronak Patel";
				TargetAttributes = {
					A721DF5F24702E190004984B = {
						CreatedOnToolsVersion = 11.4.1;
					};
					A721DF7524702E1C0004984B = {
						CreatedOnToolsVersion = 11.4.1;
						TestTargetID = A721DF5F24702E190004984B;
					};
					A721DF8024702E1C0004984B = {
						CreatedOnToolsVersion = 11.4.1;
						TestTargetID = A721DF5F24702E190004984B;
					};
				};
			};
			buildConfigurationList = A721DF5B24702E190004984B /* Build configuration list for PBXProject "devslopestest" */;
			compatibilityVersion = "Xcode 9.3";
			developmentRegion = en;
			hasScannedForEncodings = 0;
			knownRegions = (
				en,
				Base,
			);
			mainGroup = A721DF5724702E190004984B;
			productRefGroup = A721DF6124702E190004984B /* Products */;
			projectDirPath = "";
			projectRoot = "";
			targets = (
				A721DF5F24702E190004984B /* devslopestest */,
				A721DF7524702E1C0004984B /* devslopestestTests */,
				A721DF8024702E1C0004984B /* devslopestestUITests */,
			);
		};
/* End PBXProject section */

/* Begin PBXResourcesBuildPhase section */
		A721DF5E24702E190004984B /* Resources */ = {
			isa = PBXResourcesBuildPhase;
			buildActionMask = 2147483647;
			files = (
				A721DF7024702E1C0004984B /* LaunchScreen.storyboard in Resources */,
				A721DF6D24702E1C0004984B /* Preview Assets.xcassets in Resources */,
				A721DF6A24702E1C0004984B /* Assets.xcassets in Resources */,
			);
			runOnlyForDeploymentPostprocessing = 0;
		};
		A721DF7424702E1C0004984B /* Resources */ = {
			isa = PBXResourcesBuildPhase;
			buildActionMask = 2147483647;
			files = (
			);
			runOnlyForDeploymentPostprocessing = 0;
		};
		A721DF7F24702E1C0004984B /* Resources */ = {
			isa = PBXResourcesBuildPhase;
			buildActionMask = 2147483647;
			files = (
			);
			runOnlyForDeploymentPostprocessing = 0;
		};
/* End PBXResourcesBuildPhase section */

/* Begin PBXSourcesBuildPhase section */
		A721DF5C24702E190004984B /* Sources */ = {
			isa = PBXSourcesBuildPhase;
			buildActionMask = 2147483647;
			files = (
				A721DF6424702E190004984B /* AppDelegate.swift in Sources */,
				A721DF6624702E190004984B /* SceneDelegate.swift in Sources */,
				A721DF6824702E190004984B /* ContentView.swift in Sources */,
			);
			runOnlyForDeploymentPostprocessing = 0;
		};
		A721DF7224702E1C0004984B /* Sources */ = {
			isa = PBXSourcesBuildPhase;
			buildActionMask = 2147483647;
			files = (
				A721DF7B24702E1C0004984B /* devslopestestTests.swift in Sources */,
			);
			runOnlyForDeploymentPostprocessing = 0;
		};
		A721DF7D24702E1C0004984B /* Sources */ = {
			isa = PBXSourcesBuildPhase;
			buildActionMask = 2147483647;
			files = (
				A721DF8624702E1C0004984B /* devslopestestUITests.swift in Sources */,
			);
			runOnlyForDeploymentPostprocessing = 0;
		};
/* End PBXSourcesBuildPhase section */

/* Begin PBXTargetDependency section */
		A721DF7824702E1C0004984B /* PBXTargetDependency */ = {
			isa = PBXTargetDependency;
			target = A721DF5F24702E190004984B /* devslopestest */;
			targetProxy = A721DF7724702E1C0004984B /* PBXContainerItemProxy */;
		};
		A721DF8324702E1C0004984B /* PBXTargetDependency */ = {
			isa = PBXTargetDependency;
			target = A721DF5F24702E190004984B /* devslopestest */;
			targetProxy = A721DF8224702E1C0004984B /* PBXContainerItemProxy */;
		};
/* End PBXTargetDependency section */

/* Begin PBXVariantGroup section */
		A721DF6E24702E1C0004984B /* LaunchScreen.storyboard */ = {
			isa = PBXVariantGroup;
			children = (
				A721DF6F24702E1C0004984B /* Base */,
			);
			name = LaunchScreen.storyboard;
			sourceTree = "<group>";
		};
/* End PBXVariantGroup section */

/* Begin XCBuildConfiguration section */
		A721DF8824702E1C0004984B /* Debug */ = {
			isa = XCBuildConfiguration;
			buildSettings = {
				ALWAYS_SEARCH_USER_PATHS = NO;
				CLANG_ANALYZER_NONNULL = YES;
				CLANG_ANALYZER_NUMBER_OBJECT_CONVERSION = YES_AGGRESSIVE;
				CLANG_CXX_LANGUAGE_STANDARD = "gnu++14";
				CLANG_CXX_LIBRARY = "libc++";
				CLANG_ENABLE_MODULES = YES;
				CLANG_ENABLE_OBJC_ARC = YES;
				CLANG_ENABLE_OBJC_WEAK = YES;
				CLANG_WARN_BLOCK_CAPTURE_AUTORELEASING = YES;
				CLANG_WARN_BOOL_CONVERSION = YES;
				CLANG_WARN_COMMA = YES;
				CLANG_WARN_CONSTANT_CONVERSION = YES;
				CLANG_WARN_DEPRECATED_OBJC_IMPLEMENTATIONS = YES;
				CLANG_WARN_DIRECT_OBJC_ISA_USAGE = YES_ERROR;
				CLANG_WARN_DOCUMENTATION_COMMENTS = YES;
				CLANG_WARN_EMPTY_BODY = YES;
				CLANG_WARN_ENUM_CONVERSION = YES;
				CLANG_WARN_INFINITE_RECURSION = YES;
				CLANG_WARN_INT_CONVERSION = YES;
				CLANG_WARN_NON_LITERAL_NULL_CONVERSION = YES;
				CLANG_WARN_OBJC_IMPLICIT_RETAIN_SELF = YES;
				CLANG_WARN_OBJC_LITERAL_CONVERSION = YES;
				CLANG_WARN_OBJC_ROOT_CLASS = YES_ERROR;
				CLANG_WARN_RANGE_LOOP_ANALYSIS = YES;
				CLANG_WARN_STRICT_PROTOTYPES = YES;
				CLANG_WARN_SUSPICIOUS_MOVE = YES;
				CLANG_WARN_UNGUARDED_AVAILABILITY = YES_AGGRESSIVE;
				CLANG_WARN_UNREACHABLE_CODE = YES;
				CLANG_WARN__DUPLICATE_METHOD_MATCH = YES;
				COPY_PHASE_STRIP = NO;
				DEBUG_INFORMATION_FORMAT = dwarf;
				ENABLE_STRICT_OBJC_MSGSEND = YES;
				ENABLE_TESTABILITY = YES;
				GCC_C_LANGUAGE_STANDARD = gnu11;
				GCC_DYNAMIC_NO_PIC = NO;
				GCC_NO_COMMON_BLOCKS = YES;
				GCC_OPTIMIZATION_LEVEL = 0;
				GCC_PREPROCESSOR_DEFINITIONS = (
					"DEBUG=1",
					"$(inherited)",
				);
				GCC_WARN_64_TO_32_BIT_CONVERSION = YES;
				GCC_WARN_ABOUT_RETURN_TYPE = YES_ERROR;
				GCC_WARN_UNDECLARED_SELECTOR = YES;
				GCC_WARN_UNINITIALIZED_AUTOS = YES_AGGRESSIVE;
				GCC_WARN_UNUSED_FUNCTION = YES;
				GCC_WARN_UNUSED_VARIABLE = YES;
				IPHONEOS_DEPLOYMENT_TARGET = 13.4;
				MTL_ENABLE_DEBUG_INFO = INCLUDE_SOURCE;
				MTL_FAST_MATH = YES;
				ONLY_ACTIVE_ARCH = YES;
				SDKROOT = iphoneos;
				SWIFT_ACTIVE_COMPILATION_CONDITIONS = DEBUG;
				SWIFT_OPTIMIZATION_LEVEL = "-Onone";
			};
			name = Debug;
		};
		A721DF8924702E1C0004984B /* Release */ = {
			isa = XCBuildConfiguration;
			buildSettings = {
				ALWAYS_SEARCH_USER_PATHS = NO;
				CLANG_ANALYZER_NONNULL = YES;
				CLANG_ANALYZER_NUMBER_OBJECT_CONVERSION = YES_AGGRESSIVE;
				CLANG_CXX_LANGUAGE_STANDARD = "gnu++14";
				CLANG_CXX_LIBRARY = "libc++";
				CLANG_ENABLE_MODULES = YES;
				CLANG_ENABLE_OBJC_ARC = YES;
				CLANG_ENABLE_OBJC_WEAK = YES;
				CLANG_WARN_BLOCK_CAPTURE_AUTORELEASING = YES;
				CLANG_WARN_BOOL_CONVERSION = YES;
				CLANG_WARN_COMMA = YES;
				CLANG_WARN_CONSTANT_CONVERSION = YES;
				CLANG_WARN_DEPRECATED_OBJC_IMPLEMENTATIONS = YES;
				CLANG_WARN_DIRECT_OBJC_ISA_USAGE = YES_ERROR;
				CLANG_WARN_DOCUMENTATION_COMMENTS = YES;
				CLANG_WARN_EMPTY_BODY = YES;
				CLANG_WARN_ENUM_CONVERSION = YES;
				CLANG_WARN_INFINITE_RECURSION = YES;
				CLANG_WARN_INT_CONVERSION = YES;
				CLANG_WARN_NON_LITERAL_NULL_CONVERSION = YES;
				CLANG_WARN_OBJC_IMPLICIT_RETAIN_SELF = YES;
				CLANG_WARN_OBJC_LITERAL_CONVERSION = YES;
				CLANG_WARN_OBJC_ROOT_CLASS = YES_ERROR;
				CLANG_WARN_RANGE_LOOP_ANALYSIS = YES;
				CLANG_WARN_STRICT_PROTOTYPES = YES;
				CLANG_WARN_SUSPICIOUS_MOVE = YES;
				CLANG_WARN_UNGUARDED_AVAILABILITY = YES_AGGRESSIVE;
				CLANG_WARN_UNREACHABLE_CODE = YES;
				CLANG_WARN__DUPLICATE_METHOD_MATCH = YES;
				COPY_PHASE_STRIP = NO;
				DEBUG_INFORMATION_FORMAT = "dwarf-with-dsym";
				ENABLE_NS_ASSERTIONS = NO;
				ENABLE_STRICT_OBJC_MSGSEND = YES;
				GCC_C_LANGUAGE_STANDARD = gnu11;
				GCC_NO_COMMON_BLOCKS = YES;
				GCC_WARN_64_TO_32_BIT_CONVERSION = YES;
				GCC_WARN_ABOUT_RETURN_TYPE = YES_ERROR;
				GCC_WARN_UNDECLARED_SELECTOR = YES;
				GCC_WARN_UNINITIALIZED_AUTOS = YES_AGGRESSIVE;
				GCC_WARN_UNUSED_FUNCTION = YES;
				GCC_WARN_UNUSED_VARIABLE = YES;
				IPHONEOS_DEPLOYMENT_TARGET = 13.4;
				MTL_ENABLE_DEBUG_INFO = NO;
				MTL_FAST_MATH = YES;
				SDKROOT = iphoneos;
				SWIFT_COMPILATION_MODE = wholemodule;
				SWIFT_OPTIMIZATION_LEVEL = "-O";
				VALIDATE_PRODUCT = YES;
			};
			name = Release;
		};
		A721DF8B24702E1C0004984B /* Debug */ = {
			isa = XCBuildConfiguration;
			buildSettings = {
				ASSETCATALOG_COMPILER_APPICON_NAME = AppIcon;
				CODE_SIGN_STYLE = Automatic;
				DEVELOPMENT_ASSET_PATHS = "\"devslopestest/Preview Content\"";
				ENABLE_PREVIEWS = YES;
				INFOPLIST_FILE = devslopestest/Info.plist;
				LD_RUNPATH_SEARCH_PATHS = (
					"$(inherited)",
					"@executable_path/Frameworks",
				);
				PRODUCT_BUNDLE_IDENTIFIER = ronaktest.devslopestest;
				PRODUCT_NAME = "$(TARGET_NAME)";
				SWIFT_VERSION = 5.0;
				TARGETED_DEVICE_FAMILY = "1,2";
			};
			name = Debug;
		};
		A721DF8C24702E1C0004984B /* Release */ = {
			isa = XCBuildConfiguration;
			buildSettings = {
				ASSETCATALOG_COMPILER_APPICON_NAME = AppIcon;
				CODE_SIGN_STYLE = Automatic;
				DEVELOPMENT_ASSET_PATHS = "\"devslopestest/Preview Content\"";
				ENABLE_PREVIEWS = YES;
				INFOPLIST_FILE = devslopestest/Info.plist;
				LD_RUNPATH_SEARCH_PATHS = (
					"$(inherited)",
					"@executable_path/Frameworks",
				);
				PRODUCT_BUNDLE_IDENTIFIER = ronaktest.devslopestest;
				PRODUCT_NAME = "$(TARGET_NAME)";
				SWIFT_VERSION = 5.0;
				TARGETED_DEVICE_FAMILY = "1,2";
			};
			name = Release;
		};
		A721DF8E24702E1C0004984B /* Debug */ = {
			isa = XCBuildConfiguration;
			buildSettings = {
				ALWAYS_EMBED_SWIFT_STANDARD_LIBRARIES = YES;
				BUNDLE_LOADER = "$(TEST_HOST)";
				CODE_SIGN_STYLE = Automatic;
				INFOPLIST_FILE = devslopestestTests/Info.plist;
				IPHONEOS_DEPLOYMENT_TARGET = 13.4;
				LD_RUNPATH_SEARCH_PATHS = (
					"$(inherited)",
					"@executable_path/Frameworks",
					"@loader_path/Frameworks",
				);
				PRODUCT_BUNDLE_IDENTIFIER = ronaktest.devslopestestTests;
				PRODUCT_NAME = "$(TARGET_NAME)";
				SWIFT_VERSION = 5.0;
				TARGETED_DEVICE_FAMILY = "1,2";
				TEST_HOST = "$(BUILT_PRODUCTS_DIR)/devslopestest.app/devslopestest";
			};
			name = Debug;
		};
		A721DF8F24702E1C0004984B /* Release */ = {
			isa = XCBuildConfiguration;
			buildSettings = {
				ALWAYS_EMBED_SWIFT_STANDARD_LIBRARIES = YES;
				BUNDLE_LOADER = "$(TEST_HOST)";
				CODE_SIGN_STYLE = Automatic;
				INFOPLIST_FILE = devslopestestTests/Info.plist;
				IPHONEOS_DEPLOYMENT_TARGET = 13.4;
				LD_RUNPATH_SEARCH_PATHS = (
					"$(inherited)",
					"@executable_path/Frameworks",
					"@loader_path/Frameworks",
				);
				PRODUCT_BUNDLE_IDENTIFIER = ronaktest.devslopestestTests;
				PRODUCT_NAME = "$(TARGET_NAME)";
				SWIFT_VERSION = 5.0;
				TARGETED_DEVICE_FAMILY = "1,2";
				TEST_HOST = "$(BUILT_PRODUCTS_DIR)/devslopestest.app/devslopestest";
			};
			name = Release;
		};
		A721DF9124702E1C0004984B /* Debug */ = {
			isa = XCBuildConfiguration;
			buildSettings = {
				ALWAYS_EMBED_SWIFT_STANDARD_LIBRARIES = YES;
				CODE_SIGN_STYLE = Automatic;
				INFOPLIST_FILE = devslopestestUITests/Info.plist;
				LD_RUNPATH_SEARCH_PATHS = (
					"$(inherited)",
					"@executable_path/Frameworks",
					"@loader_path/Frameworks",
				);
				PRODUCT_BUNDLE_IDENTIFIER = ronaktest.devslopestestUITests;
				PRODUCT_NAME = "$(TARGET_NAME)";
				SWIFT_VERSION = 5.0;
				TARGETED_DEVICE_FAMILY = "1,2";
				TEST_TARGET_NAME = devslopestest;
			};
			name = Debug;
		};
		A721DF9224702E1C0004984B /* Release */ = {
			isa = XCBuildConfiguration;
			buildSettings = {
				ALWAYS_EMBED_SWIFT_STANDARD_LIBRARIES = YES;
				CODE_SIGN_STYLE = Automatic;
				INFOPLIST_FILE = devslopestestUITests/Info.plist;
				LD_RUNPATH_SEARCH_PATHS = (
					"$(inherited)",
					"@executable_path/Frameworks",
					"@loader_path/Frameworks",
				);
				PRODUCT_BUNDLE_IDENTIFIER = ronaktest.devslopestestUITests;
				PRODUCT_NAME = "$(TARGET_NAME)";
				SWIFT_VERSION = 5.0;
				TARGETED_DEVICE_FAMILY = "1,2";
				TEST_TARGET_NAME = devslopestest;
			};
			name = Release;
		};
/* End XCBuildConfiguration section */

/* Begin XCConfigurationList section */
		A721DF5B24702E190004984B /* Build configuration list for PBXProject "devslopestest" */ = {
			isa = XCConfigurationList;
			buildConfigurations = (
				A721DF8824702E1C0004984B /* Debug */,
				A721DF8924702E1C0004984B /* Release */,
			);
			defaultConfigurationIsVisible = 0;
			defaultConfigurationName = Release;
		};
		A721DF8A24702E1C0004984B /* Build configuration list for PBXNativeTarget "devslopestest" */ = {
			isa = XCConfigurationList;
			buildConfigurations = (
				A721DF8B24702E1C0004984B /* Debug */,
				A721DF8C24702E1C0004984B /* Release */,
			);
			defaultConfigurationIsVisible = 0;
			defaultConfigurationName = Release;
		};
		A721DF8D24702E1C0004984B /* Build configuration list for PBXNativeTarget "devslopestestTests" */ = {
			isa = XCConfigurationList;
			buildConfigurations = (
				A721DF8E24702E1C0004984B /* Debug */,
				A721DF8F24702E1C0004984B /* Release */,
			);
			defaultConfigurationIsVisible = 0;
			defaultConfigurationName = Release;
		};
		A721DF9024702E1C0004984B /* Build configuration list for PBXNativeTarget "devslopestestUITests" */ = {
			isa = XCConfigurationList;
			buildConfigurations = (
				A721DF9124702E1C0004984B /* Debug */,
				A721DF9224702E1C0004984B /* Release */,
			);
			defaultConfigurationIsVisible = 0;
			defaultConfigurationName = Release;
		};
/* End XCConfigurationList section */
	};
	rootObject = A721DF5824702E190004984B /* Project object */;
}
